
Microsoft Visual Studio Solution File, Format Version 12.00
# Visual Studio Version 17
VisualStudioVersion = 17.4.33213.308
MinimumVisualStudioVersion = 10.0.40219.1
Project("{FAE04EC0-301F-11D3-BF4B-00C04F79EFBC}") = "modul3_1302213120", "modul3_1302213120\modul3_1302213120.csproj", "{C268D1F3-9539-4AD5-9CCC-2B52025850F8}"
EndProject
Project("{2150E333-8FDC-42A3-9474-1A3956D46DE8}") = "Solution Items", "Solution Items", "{CF61282A-CB9A-49DA-8CFD-EEF82E33A066}"
	ProjectSection(SolutionItems) = preProject
		.gitignore.txt = .gitignore.txt
	EndProjectSection
EndProject
Global
	GlobalSection(SolutionConfigurationPlatforms) = preSolution
		Debug|Any CPU = Debug|Any CPU
		Release|Any CPU = Release|Any CPU
	EndGlobalSection
	GlobalSection(ProjectConfigurationPlatforms) = postSolution
		{C268D1F3-9539-4AD5-9CCC-2B52025850F8}.Debug|Any CPU.ActiveCfg = Debug|Any CPU
		{C268D1F3-9539-4AD5-9CCC-2B52025850F8}.Debug|Any CPU.Build.0 = Debug|Any CPU
		{C268D1F3-9539-4AD5-9CCC-2B52025850F8}.Release|Any CPU.ActiveCfg = Release|Any CPU
		{C268D1F3-9539-4AD5-9CCC-2B52025850F8}.Release|Any CPU.Build.0 = Release|Any CPU
	EndGlobalSection
	GlobalSection(SolutionProperties) = preSolution
		HideSolutionNode = FALSE
	EndGlobalSection
	GlobalSection(ExtensibilityGlobals) = postSolution
		SolutionGuid = {4EA7808D-B7B0-45AB-9B5E-51138CA20C47}
	EndGlobalSection
EndGlobal
